
Microsoft Visual Studio Solution File, Format Version 12.00
# Visual Studio Version 16
VisualStudioVersion = 16.0.30621.155
MinimumVisualStudioVersion = 10.0.40219.1
Project("{FAE04EC0-301F-11D3-BF4B-00C04F79EFBC}") = "TrackerLibrary", "TrackerLibrary\TrackerLibrary.csproj", "{B9E663D7-1703-460B-9ED3-2216605FE125}"
EndProject
Project("{FAE04EC0-301F-11D3-BF4B-00C04F79EFBC}") = "TrackerUI", "TrackerUI\TrackerUI.csproj", "{07142363-5E40-43A8-9BEC-4B96B6831CE6}"
EndProject
Global
	GlobalSection(SolutionConfigurationPlatforms) = preSolution
		Debug|Any CPU = Debug|Any CPU
		Release|Any CPU = Release|Any CPU
	EndGlobalSection
	GlobalSection(ProjectConfigurationPlatforms) = postSolution
		{B9E663D7-1703-460B-9ED3-2216605FE125}.Debug|Any CPU.ActiveCfg = Debug|Any CPU
		{B9E663D7-1703-460B-9ED3-2216605FE125}.Debug|Any CPU.Build.0 = Debug|Any CPU
		{B9E663D7-1703-460B-9ED3-2216605FE125}.Release|Any CPU.ActiveCfg = Release|Any CPU
		{B9E663D7-1703-460B-9ED3-2216605FE125}.Release|Any CPU.Build.0 = Release|Any CPU
		{07142363-5E40-43A8-9BEC-4B96B6831CE6}.Debug|Any CPU.ActiveCfg = Debug|Any CPU
		{07142363-5E40-43A8-9BEC-4B96B6831CE6}.Debug|Any CPU.Build.0 = Debug|Any CPU
		{07142363-5E40-43A8-9BEC-4B96B6831CE6}.Release|Any CPU.ActiveCfg = Release|Any CPU
		{07142363-5E40-43A8-9BEC-4B96B6831CE6}.Release|Any CPU.Build.0 = Release|Any CPU
	EndGlobalSection
	GlobalSection(SolutionProperties) = preSolution
		HideSolutionNode = FALSE
	EndGlobalSection
	GlobalSection(ExtensibilityGlobals) = postSolution
		SolutionGuid = {7BA0D037-53D7-4DD0-BE53-7E42204B47B7}
	EndGlobalSection
EndGlobal
